
Microsoft Visual Studio Solution File, Format Version 12.00
# Visual Studio Version 16
VisualStudioVersion = 16.0.34601.136
MinimumVisualStudioVersion = 10.0.40219.1
Project("{FAE04EC0-301F-11D3-BF4B-00C04F79EFBC}") = "Web_Ban_Giay", "Web_Ban_Giay\Web_Ban_Giay.csproj", "{1185D534-665A-46BB-B6DD-234020842D17}"
EndProject
Global
	GlobalSection(SolutionConfigurationPlatforms) = preSolution
		Debug|Any CPU = Debug|Any CPU
		Release|Any CPU = Release|Any CPU
	EndGlobalSection
	GlobalSection(ProjectConfigurationPlatforms) = postSolution
		{1185D534-665A-46BB-B6DD-234020842D17}.Debug|Any CPU.ActiveCfg = Debug|Any CPU
		{1185D534-665A-46BB-B6DD-234020842D17}.Debug|Any CPU.Build.0 = Debug|Any CPU
		{1185D534-665A-46BB-B6DD-234020842D17}.Release|Any CPU.ActiveCfg = Release|Any CPU
		{1185D534-665A-46BB-B6DD-234020842D17}.Release|Any CPU.Build.0 = Release|Any CPU
	EndGlobalSection
	GlobalSection(SolutionProperties) = preSolution
		HideSolutionNode = FALSE
	EndGlobalSection
	GlobalSection(ExtensibilityGlobals) = postSolution
		SolutionGuid = {18888C59-D3AE-480A-8CD4-0579DCDE0E50}
	EndGlobalSection
EndGlobal
